
Microsoft Visual Studio Solution File, Format Version 12.00
# Visual Studio Version 17
VisualStudioVersion = 17.13.35825.156
MinimumVisualStudioVersion = 10.0.40219.1
Project("{FAE04EC0-301F-11D3-BF4B-00C04F79EFBC}") = "PZ1", "PZ1\PZ1.csproj", "{5DE1DC14-CD09-453F-BB68-F766F0147D17}"
EndProject
Project("{FAE04EC0-301F-11D3-BF4B-00C04F79EFBC}") = "PZ2", "PZ2\PZ2.csproj", "{063D6BCD-9B94-9169-D1AD-56B8D8082A73}"
EndProject
Project("{FAE04EC0-301F-11D3-BF4B-00C04F79EFBC}") = "PZ3", "PZ3\PZ3.csproj", "{AC97451A-4473-5F59-7B4D-713012648847}"
EndProject
Project("{FAE04EC0-301F-11D3-BF4B-00C04F79EFBC}") = "PZ4", "PZ4\PZ4.csproj", "{3CE5120C-8EBB-5B2F-9B3C-2B094EE06DC9}"
EndProject
Project("{FAE04EC0-301F-11D3-BF4B-00C04F79EFBC}") = "PZ5", "PZ5\PZ5.csproj", "{2CDBC461-9017-1964-E564-057AED05C35F}"
EndProject
Project("{FAE04EC0-301F-11D3-BF4B-00C04F79EFBC}") = "PZ6", "PZ6\PZ6.csproj", "{959BBC86-A00A-4C14-B024-80DFCC4A95FD}"
EndProject
Project("{FAE04EC0-301F-11D3-BF4B-00C04F79EFBC}") = "PZ7", "PZ7\PZ7.csproj", "{E7A4D548-C4C2-43E7-885C-78D018CE3F20}"
EndProject
Project("{FAE04EC0-301F-11D3-BF4B-00C04F79EFBC}") = "PZ8", "PZ8\PZ8.csproj", "{87394FA2-1A6E-4DA8-8614-A20ABF4A0FC1}"
EndProject
Project("{FAE04EC0-301F-11D3-BF4B-00C04F79EFBC}") = "PZ9", "PZ9\PZ9.csproj", "{8F9C28D0-5CE4-48E2-BBD4-B93AD1F94B85}"
EndProject
Project("{FAE04EC0-301F-11D3-BF4B-00C04F79EFBC}") = "PZ9_10", "PZ10\PZ9_10.csproj", "{AD6D04D8-30D7-4876-A152-EA23152375CF}"
EndProject
Project("{FAE04EC0-301F-11D3-BF4B-00C04F79EFBC}") = "ZTest", "ZTest\ZTest.csproj", "{D87F3B0E-49D6-432D-A543-ACBD2C29BD8F}"
EndProject
Project("{FAE04EC0-301F-11D3-BF4B-00C04F79EFBC}") = "PZ9_11", "PZ11\PZ9_11.csproj", "{E094BBCD-0251-4E9A-9209-29731B780DC0}"
EndProject
Project("{FAE04EC0-301F-11D3-BF4B-00C04F79EFBC}") = "PZ9_12", "PZ12\PZ9_12.csproj", "{995909EB-6DE0-4CAC-9CAF-487937AF50DC}"
EndProject
Project("{FAE04EC0-301F-11D3-BF4B-00C04F79EFBC}") = "TestWPF", "Test\TestWPF.csproj", "{0FE22A94-926C-4DEF-865E-C3667E0AE2CA}"
EndProject
Project("{FAE04EC0-301F-11D3-BF4B-00C04F79EFBC}") = "PZ913_1", "PZ13_1\PZ913_1.csproj", "{EF90867E-34F6-4E4B-936C-69739BFFA7F1}"
EndProject
Global
	GlobalSection(SolutionConfigurationPlatforms) = preSolution
		Debug|Any CPU = Debug|Any CPU
		Release|Any CPU = Release|Any CPU
	EndGlobalSection
	GlobalSection(ProjectConfigurationPlatforms) = postSolution
		{5DE1DC14-CD09-453F-BB68-F766F0147D17}.Debug|Any CPU.ActiveCfg = Debug|Any CPU
		{5DE1DC14-CD09-453F-BB68-F766F0147D17}.Debug|Any CPU.Build.0 = Debug|Any CPU
		{5DE1DC14-CD09-453F-BB68-F766F0147D17}.Release|Any CPU.ActiveCfg = Release|Any CPU
		{5DE1DC14-CD09-453F-BB68-F766F0147D17}.Release|Any CPU.Build.0 = Release|Any CPU
		{063D6BCD-9B94-9169-D1AD-56B8D8082A73}.Debug|Any CPU.ActiveCfg = Debug|Any CPU
		{063D6BCD-9B94-9169-D1AD-56B8D8082A73}.Debug|Any CPU.Build.0 = Debug|Any CPU
		{063D6BCD-9B94-9169-D1AD-56B8D8082A73}.Release|Any CPU.ActiveCfg = Release|Any CPU
		{063D6BCD-9B94-9169-D1AD-56B8D8082A73}.Release|Any CPU.Build.0 = Release|Any CPU
		{AC97451A-4473-5F59-7B4D-713012648847}.Debug|Any CPU.ActiveCfg = Debug|Any CPU
		{AC97451A-4473-5F59-7B4D-713012648847}.Debug|Any CPU.Build.0 = Debug|Any CPU
		{AC97451A-4473-5F59-7B4D-713012648847}.Release|Any CPU.ActiveCfg = Release|Any CPU
		{AC97451A-4473-5F59-7B4D-713012648847}.Release|Any CPU.Build.0 = Release|Any CPU
		{3CE5120C-8EBB-5B2F-9B3C-2B094EE06DC9}.Debug|Any CPU.ActiveCfg = Debug|Any CPU
		{3CE5120C-8EBB-5B2F-9B3C-2B094EE06DC9}.Debug|Any CPU.Build.0 = Debug|Any CPU
		{3CE5120C-8EBB-5B2F-9B3C-2B094EE06DC9}.Release|Any CPU.ActiveCfg = Release|Any CPU
		{3CE5120C-8EBB-5B2F-9B3C-2B094EE06DC9}.Release|Any CPU.Build.0 = Release|Any CPU
		{2CDBC461-9017-1964-E564-057AED05C35F}.Debug|Any CPU.ActiveCfg = Debug|Any CPU
		{2CDBC461-9017-1964-E564-057AED05C35F}.Debug|Any CPU.Build.0 = Debug|Any CPU
		{2CDBC461-9017-1964-E564-057AED05C35F}.Release|Any CPU.ActiveCfg = Release|Any CPU
		{2CDBC461-9017-1964-E564-057AED05C35F}.Release|Any CPU.Build.0 = Release|Any CPU
		{959BBC86-A00A-4C14-B024-80DFCC4A95FD}.Debug|Any CPU.ActiveCfg = Debug|Any CPU
		{959BBC86-A00A-4C14-B024-80DFCC4A95FD}.Debug|Any CPU.Build.0 = Debug|Any CPU
		{959BBC86-A00A-4C14-B024-80DFCC4A95FD}.Release|Any CPU.ActiveCfg = Release|Any CPU
		{959BBC86-A00A-4C14-B024-80DFCC4A95FD}.Release|Any CPU.Build.0 = Release|Any CPU
		{E7A4D548-C4C2-43E7-885C-78D018CE3F20}.Debug|Any CPU.ActiveCfg = Debug|Any CPU
		{E7A4D548-C4C2-43E7-885C-78D018CE3F20}.Debug|Any CPU.Build.0 = Debug|Any CPU
		{E7A4D548-C4C2-43E7-885C-78D018CE3F20}.Release|Any CPU.ActiveCfg = Release|Any CPU
		{E7A4D548-C4C2-43E7-885C-78D018CE3F20}.Release|Any CPU.Build.0 = Release|Any CPU
		{87394FA2-1A6E-4DA8-8614-A20ABF4A0FC1}.Debug|Any CPU.ActiveCfg = Debug|Any CPU
		{87394FA2-1A6E-4DA8-8614-A20ABF4A0FC1}.Debug|Any CPU.Build.0 = Debug|Any CPU
		{87394FA2-1A6E-4DA8-8614-A20ABF4A0FC1}.Release|Any CPU.ActiveCfg = Release|Any CPU
		{87394FA2-1A6E-4DA8-8614-A20ABF4A0FC1}.Release|Any CPU.Build.0 = Release|Any CPU
		{8F9C28D0-5CE4-48E2-BBD4-B93AD1F94B85}.Debug|Any CPU.ActiveCfg = Debug|Any CPU
		{8F9C28D0-5CE4-48E2-BBD4-B93AD1F94B85}.Debug|Any CPU.Build.0 = Debug|Any CPU
		{8F9C28D0-5CE4-48E2-BBD4-B93AD1F94B85}.Release|Any CPU.ActiveCfg = Release|Any CPU
		{8F9C28D0-5CE4-48E2-BBD4-B93AD1F94B85}.Release|Any CPU.Build.0 = Release|Any CPU
		{AD6D04D8-30D7-4876-A152-EA23152375CF}.Debug|Any CPU.ActiveCfg = Debug|Any CPU
		{AD6D04D8-30D7-4876-A152-EA23152375CF}.Debug|Any CPU.Build.0 = Debug|Any CPU
		{AD6D04D8-30D7-4876-A152-EA23152375CF}.Release|Any CPU.ActiveCfg = Release|Any CPU
		{AD6D04D8-30D7-4876-A152-EA23152375CF}.Release|Any CPU.Build.0 = Release|Any CPU
		{D87F3B0E-49D6-432D-A543-ACBD2C29BD8F}.Debug|Any CPU.ActiveCfg = Debug|Any CPU
		{D87F3B0E-49D6-432D-A543-ACBD2C29BD8F}.Debug|Any CPU.Build.0 = Debug|Any CPU
		{D87F3B0E-49D6-432D-A543-ACBD2C29BD8F}.Release|Any CPU.ActiveCfg = Release|Any CPU
		{D87F3B0E-49D6-432D-A543-ACBD2C29BD8F}.Release|Any CPU.Build.0 = Release|Any CPU
		{E094BBCD-0251-4E9A-9209-29731B780DC0}.Debug|Any CPU.ActiveCfg = Debug|Any CPU
		{E094BBCD-0251-4E9A-9209-29731B780DC0}.Debug|Any CPU.Build.0 = Debug|Any CPU
		{E094BBCD-0251-4E9A-9209-29731B780DC0}.Release|Any CPU.ActiveCfg = Release|Any CPU
		{E094BBCD-0251-4E9A-9209-29731B780DC0}.Release|Any CPU.Build.0 = Release|Any CPU
		{995909EB-6DE0-4CAC-9CAF-487937AF50DC}.Debug|Any CPU.ActiveCfg = Debug|Any CPU
		{995909EB-6DE0-4CAC-9CAF-487937AF50DC}.Debug|Any CPU.Build.0 = Debug|Any CPU
		{995909EB-6DE0-4CAC-9CAF-487937AF50DC}.Release|Any CPU.ActiveCfg = Release|Any CPU
		{995909EB-6DE0-4CAC-9CAF-487937AF50DC}.Release|Any CPU.Build.0 = Release|Any CPU
		{0FE22A94-926C-4DEF-865E-C3667E0AE2CA}.Debug|Any CPU.ActiveCfg = Debug|Any CPU
		{0FE22A94-926C-4DEF-865E-C3667E0AE2CA}.Debug|Any CPU.Build.0 = Debug|Any CPU
		{0FE22A94-926C-4DEF-865E-C3667E0AE2CA}.Release|Any CPU.ActiveCfg = Release|Any CPU
		{0FE22A94-926C-4DEF-865E-C3667E0AE2CA}.Release|Any CPU.Build.0 = Release|Any CPU
		{EF90867E-34F6-4E4B-936C-69739BFFA7F1}.Debug|Any CPU.ActiveCfg = Debug|Any CPU
		{EF90867E-34F6-4E4B-936C-69739BFFA7F1}.Debug|Any CPU.Build.0 = Debug|Any CPU
		{EF90867E-34F6-4E4B-936C-69739BFFA7F1}.Release|Any CPU.ActiveCfg = Release|Any CPU
		{EF90867E-34F6-4E4B-936C-69739BFFA7F1}.Release|Any CPU.Build.0 = Release|Any CPU
	EndGlobalSection
	GlobalSection(SolutionProperties) = preSolution
		HideSolutionNode = FALSE
	EndGlobalSection
	GlobalSection(ExtensibilityGlobals) = postSolution
		SolutionGuid = {563741F0-CCD0-425C-B676-D4E5F5F9073A}
	EndGlobalSection
EndGlobal
