
Microsoft Visual Studio Solution File, Format Version 12.00
# Visual Studio Version 17
VisualStudioVersion = 17.13.35825.156 d17.13
MinimumVisualStudioVersion = 10.0.40219.1
Project("{FAE04EC0-301F-11D3-BF4B-00C04F79EFBC}") = "PZ4", "PZ4\PZ4.csproj", "{04FF7E23-81C1-46BE-8895-237AB6E76940}"
EndProject
Global
	GlobalSection(SolutionConfigurationPlatforms) = preSolution
		Debug|Any CPU = Debug|Any CPU
		Release|Any CPU = Release|Any CPU
	EndGlobalSection
	GlobalSection(ProjectConfigurationPlatforms) = postSolution
		{04FF7E23-81C1-46BE-8895-237AB6E76940}.Debug|Any CPU.ActiveCfg = Debug|Any CPU
		{04FF7E23-81C1-46BE-8895-237AB6E76940}.Debug|Any CPU.Build.0 = Debug|Any CPU
		{04FF7E23-81C1-46BE-8895-237AB6E76940}.Release|Any CPU.ActiveCfg = Release|Any CPU
		{04FF7E23-81C1-46BE-8895-237AB6E76940}.Release|Any CPU.Build.0 = Release|Any CPU
	EndGlobalSection
	GlobalSection(SolutionProperties) = preSolution
		HideSolutionNode = FALSE
	EndGlobalSection
	GlobalSection(ExtensibilityGlobals) = postSolution
		SolutionGuid = {D68AFDEC-D086-417F-8A93-8C869A7B921D}
	EndGlobalSection
EndGlobal
