
Microsoft Visual Studio Solution File, Format Version 12.00
# Visual Studio Version 17
VisualStudioVersion = 17.13.35825.156 d17.13
MinimumVisualStudioVersion = 10.0.40219.1
Project("{FAE04EC0-301F-11D3-BF4B-00C04F79EFBC}") = "PZ3", "PZ3\PZ3.csproj", "{5E1F563A-5C3C-4760-99F9-08B690041058}"
EndProject
Global
	GlobalSection(SolutionConfigurationPlatforms) = preSolution
		Debug|Any CPU = Debug|Any CPU
		Release|Any CPU = Release|Any CPU
	EndGlobalSection
	GlobalSection(ProjectConfigurationPlatforms) = postSolution
		{5E1F563A-5C3C-4760-99F9-08B690041058}.Debug|Any CPU.ActiveCfg = Debug|Any CPU
		{5E1F563A-5C3C-4760-99F9-08B690041058}.Debug|Any CPU.Build.0 = Debug|Any CPU
		{5E1F563A-5C3C-4760-99F9-08B690041058}.Release|Any CPU.ActiveCfg = Release|Any CPU
		{5E1F563A-5C3C-4760-99F9-08B690041058}.Release|Any CPU.Build.0 = Release|Any CPU
	EndGlobalSection
	GlobalSection(SolutionProperties) = preSolution
		HideSolutionNode = FALSE
	EndGlobalSection
	GlobalSection(ExtensibilityGlobals) = postSolution
		SolutionGuid = {90FE30D4-229D-4EDD-AD83-1B8BE248E572}
	EndGlobalSection
EndGlobal
